dependencies:
  espressif/knob:
    component_hash: ae98c9fa15bfb223c7586d2b82fdd9dfa98940118d12b8ae7bdded630cdb8f40
    source:
      type: service
    version: 0.1.1
  idf:
    component_hash: null
    source:
      type: idf
    version: 5.1.1
  lvgl/lvgl:
    component_hash: 7b7ee85e48c2eb35bb242a8c7e0e4cd702e150541afb3f69089fb7ba81554d14
    source:
      storage_url: file:///D:/Espressif/Espressif/registry
      type: service
    version: 8.3.0
manifest_hash: 37e67ecf8704778fd0b849598ee16b6e52780da98f2da0dd485a7a38e02661e8
target: esp32s3
version: 1.0.0
